
Microsoft Visual Studio Solution File, Format Version 12.00
# Visual Studio 14
VisualStudioVersion = 14.0.25420.1
MinimumVisualStudioVersion = 10.0.40219.1
Project("{FAE04EC0-301F-11D3-BF4B-00C04F79EFBC}") = "Szabo.Silviu.5i.EFFirst", "Szabo.Silviu.5i.EFFirst\Szabo.Silviu.5i.EFFirst.csproj", "{12C87D1C-45C2-457D-B69D-26EF68266918}"
EndProject
Global
	GlobalSection(SolutionConfigurationPlatforms) = preSolution
		Debug|Any CPU = Debug|Any CPU
		Release|Any CPU = Release|Any CPU
	EndGlobalSection
	GlobalSection(ProjectConfigurationPlatforms) = postSolution
		{12C87D1C-45C2-457D-B69D-26EF68266918}.Debug|Any CPU.ActiveCfg = Debug|Any CPU
		{12C87D1C-45C2-457D-B69D-26EF68266918}.Debug|Any CPU.Build.0 = Debug|Any CPU
		{12C87D1C-45C2-457D-B69D-26EF68266918}.Release|Any CPU.ActiveCfg = Release|Any CPU
		{12C87D1C-45C2-457D-B69D-26EF68266918}.Release|Any CPU.Build.0 = Release|Any CPU
	EndGlobalSection
	GlobalSection(SolutionProperties) = preSolution
		HideSolutionNode = FALSE
	EndGlobalSection
EndGlobal
